
Microsoft Visual Studio Solution File, Format Version 12.00
# Visual Studio Version 17
VisualStudioVersion = 17.0.31903.59
MinimumVisualStudioVersion = 10.0.40219.1
Project("{9A19103F-16F7-4668-BE54-9A1E7A4F7556}") = "CoverageReportGenerator.Cli", "CoverageReportGenerator.Cli\CoverageReportGenerator.Cli.csproj", "{7D895EE4-8DFD-4C61-B403-FFAB4C9976FE}"
EndProject
Project("{FAE04EC0-301F-11D3-BF4B-00C04F79EFBC}") = "CoverageReportGenerator.Core", "CoverageReportGenerator.Core\CoverageReportGenerator.Core.csproj", "{D7AA8344-21C9-40EA-B8FA-7C993023758E}"
EndProject
Global
	GlobalSection(SolutionConfigurationPlatforms) = preSolution
		Debug|Any CPU = Debug|Any CPU
		Release|Any CPU = Release|Any CPU
	EndGlobalSection
	GlobalSection(ProjectConfigurationPlatforms) = postSolution
		{7D895EE4-8DFD-4C61-B403-FFAB4C9976FE}.Debug|Any CPU.ActiveCfg = Debug|Any CPU
		{7D895EE4-8DFD-4C61-B403-FFAB4C9976FE}.Debug|Any CPU.Build.0 = Debug|Any CPU
		{7D895EE4-8DFD-4C61-B403-FFAB4C9976FE}.Release|Any CPU.ActiveCfg = Release|Any CPU
		{7D895EE4-8DFD-4C61-B403-FFAB4C9976FE}.Release|Any CPU.Build.0 = Release|Any CPU
		{D7AA8344-21C9-40EA-B8FA-7C993023758E}.Debug|Any CPU.ActiveCfg = Debug|Any CPU
		{D7AA8344-21C9-40EA-B8FA-7C993023758E}.Debug|Any CPU.Build.0 = Debug|Any CPU
		{D7AA8344-21C9-40EA-B8FA-7C993023758E}.Release|Any CPU.ActiveCfg = Release|Any CPU
		{D7AA8344-21C9-40EA-B8FA-7C993023758E}.Release|Any CPU.Build.0 = Release|Any CPU
	EndGlobalSection
	GlobalSection(SolutionProperties) = preSolution
		HideSolutionNode = FALSE
	EndGlobalSection
	GlobalSection(ExtensibilityGlobals) = postSolution
		SolutionGuid = {BA816944-31E8-4C93-892B-BBD5537D0179}
	EndGlobalSection
EndGlobal
